
Microsoft Visual Studio Solution File, Format Version 12.00
# Visual Studio Version 16
VisualStudioVersion = 16.0.30907.101
MinimumVisualStudioVersion = 10.0.40219.1
Project("{8BC9CEB8-8B4A-11D0-8D11-00A0C91BC942}") = "Postfix Stack and Queue Implementation", "Postfix Stack and Queue Implementation.vcxproj", "{28952331-5B57-41CB-8528-93E2F3C077A4}"
EndProject
Global
	GlobalSection(SolutionConfigurationPlatforms) = preSolution
		Debug|x64 = Debug|x64
		Debug|x86 = Debug|x86
		Release|x64 = Release|x64
		Release|x86 = Release|x86
	EndGlobalSection
	GlobalSection(ProjectConfigurationPlatforms) = postSolution
		{28952331-5B57-41CB-8528-93E2F3C077A4}.Debug|x64.ActiveCfg = Debug|x64
		{28952331-5B57-41CB-8528-93E2F3C077A4}.Debug|x64.Build.0 = Debug|x64
		{28952331-5B57-41CB-8528-93E2F3C077A4}.Debug|x86.ActiveCfg = Debug|Win32
		{28952331-5B57-41CB-8528-93E2F3C077A4}.Debug|x86.Build.0 = Debug|Win32
		{28952331-5B57-41CB-8528-93E2F3C077A4}.Release|x64.ActiveCfg = Release|x64
		{28952331-5B57-41CB-8528-93E2F3C077A4}.Release|x64.Build.0 = Release|x64
		{28952331-5B57-41CB-8528-93E2F3C077A4}.Release|x86.ActiveCfg = Release|Win32
		{28952331-5B57-41CB-8528-93E2F3C077A4}.Release|x86.Build.0 = Release|Win32
	EndGlobalSection
	GlobalSection(SolutionProperties) = preSolution
		HideSolutionNode = FALSE
	EndGlobalSection
	GlobalSection(ExtensibilityGlobals) = postSolution
		SolutionGuid = {6DA79D88-4D64-4811-BD09-A1BC77FF64F9}
	EndGlobalSection
EndGlobal
